packages:
  - package: tnightengale/dbt_meta_testing
    version: 0.3.6
  - package: dbt-labs/dbt_utils
    version: 1.3.0
  - package: calogica/dbt_expectations
    version: 0.10.3
  - package: dbt-labs/audit_helper
    version: 0.12.0
  - package: calogica/dbt_date
    version: 0.10.1
sha1_hash: 1096e4af47c8c5cd19c36650a9e1c605e05291c6
